// !$*UTF8*$!
{
	archiveVersion = 1;
	classes = {
	};
	objectVersion = 50;
	objects = {

/* Begin PBXBuildFile section */
		0B16225327CD11B20069AD29 /* Galaxy_GuideApp.swift in Sources */ = {isa = PBXBuildFile; fileRef = 0B16225227CD11B20069AD29 /* Galaxy_GuideApp.swift */; };
		0B16225527CD11B20069AD29 /* ContentView.swift in Sources */ = {isa = PBXBuildFile; fileRef = 0B16225427CD11B20069AD29 /* ContentView.swift */; };
		0B16225727CD11B40069AD29 /* Assets.xcassets in Resources */ = {isa = PBXBuildFile; fileRef = 0B16225627CD11B40069AD29 /* Assets.xcassets */; };
		0B16225A27CD11B40069AD29 /* Preview Assets.xcassets in Resources */ = {isa = PBXBuildFile; fileRef = 0B16225927CD11B40069AD29 /* Preview Assets.xcassets */; };
		0B16226527CD11B40069AD29 /* Galaxy_GuideTests.swift in Sources */ = {isa = PBXBuildFile; fileRef = 0B16226427CD11B40069AD29 /* Galaxy_GuideTests.swift */; };
		0B16227027CD11B40069AD29 /* Galaxy_GuideUITests.swift in Sources */ = {isa = PBXBuildFile; fileRef = 0B16226F27CD11B40069AD29 /* Galaxy_GuideUITests.swift */; };
/* End PBXBuildFile section */

/* Begin PBXContainerItemProxy section */
		0B16226127CD11B40069AD29 /* PBXContainerItemProxy */ = {
			isa = PBXContainerItemProxy;
			containerPortal = 0B16224727CD11B20069AD29 /* Project object */;
			proxyType = 1;
			remoteGlobalIDString = 0B16224E27CD11B20069AD29;
			remoteInfo = "Galaxy Guide";
		};
		0B16226C27CD11B40069AD29 /* PBXContainerItemProxy */ = {
			isa = PBXContainerItemProxy;
			containerPortal = 0B16224727CD11B20069AD29 /* Project object */;
			proxyType = 1;
			remoteGlobalIDString = 0B16224E27CD11B20069AD29;
			remoteInfo = "Galaxy Guide";
		};
/* End PBXContainerItemProxy section */

/* Begin PBXFileReference section */
		0B16224F27CD11B20069AD29 /* Galaxy Guide.app */ = {isa = PBXFileReference; explicitFileType = wrapper.application; includeInIndex = 0; path = "Galaxy Guide.app"; sourceTree = BUILT_PRODUCTS_DIR; };
		0B16225227CD11B20069AD29 /* Galaxy_GuideApp.swift */ = {isa = PBXFileReference; lastKnownFileType = sourcecode.swift; path = Galaxy_GuideApp.swift; sourceTree = "<group>"; };
		0B16225427CD11B20069AD29 /* ContentView.swift */ = {isa = PBXFileReference; lastKnownFileType = sourcecode.swift; path = ContentView.swift; sourceTree = "<group>"; };
		0B16225627CD11B40069AD29 /* Assets.xcassets */ = {isa = PBXFileReference; lastKnownFileType = folder.assetcatalog; path = Assets.xcassets; sourceTree = "<group>"; };
		0B16225927CD11B40069AD29 /* Preview Assets.xcassets */ = {isa = PBXFileReference; lastKnownFileType = folder.assetcatalog; path = "Preview Assets.xcassets"; sourceTree = "<group>"; };
		0B16225B27CD11B40069AD29 /* Info.plist */ = {isa = PBXFileReference; lastKnownFileType = text.plist.xml; path = Info.plist; sourceTree = "<group>"; };
		0B16226027CD11B40069AD29 /* Galaxy GuideTests.xctest */ = {isa = PBXFileReference; explicitFileType = wrapper.cfbundle; includeInIndex = 0; path = "Galaxy GuideTests.xctest"; sourceTree = BUILT_PRODUCTS_DIR; };
		0B16226427CD11B40069AD29 /* Galaxy_GuideTests.swift */ = {isa = PBXFileReference; lastKnownFileType = sourcecode.swift; path = Galaxy_GuideTests.swift; sourceTree = "<group>"; };
		0B16226627CD11B40069AD29 /* Info.plist */ = {isa = PBXFileReference; lastKnownFileType = text.plist.xml; path = Info.plist; sourceTree = "<group>"; };
		0B16226B27CD11B40069AD29 /* Galaxy GuideUITests.xctest */ = {isa = PBXFileReference; explicitFileType = wrapper.cfbundle; includeInIndex = 0; path = "Galaxy GuideUITests.xctest"; sourceTree = BUILT_PRODUCTS_DIR; };
		0B16226F27CD11B40069AD29 /* Galaxy_GuideUITests.swift */ = {isa = PBXFileReference; lastKnownFileType = sourcecode.swift; path = Galaxy_GuideUITests.swift; sourceTree = "<group>"; };
		0B16227127CD11B40069AD29 /* Info.plist */ = {isa = PBXFileReference; lastKnownFileType = text.plist.xml; path = Info.plist; sourceTree = "<group>"; };
/* End PBXFileReference section */

/* Begin PBXFrameworksBuildPhase section */
		0B16224C27CD11B20069AD29 /* Frameworks */ = {
			isa = PBXFrameworksBuildPhase;
			buildActionMask = 2147483647;
			files = (
			);
			runOnlyForDeploymentPostprocessing = 0;
		};
		0B16225D27CD11B40069AD29 /* Frameworks */ = {
			isa = PBXFrameworksBuildPhase;
			buildActionMask = 2147483647;
			files = (
			);
			runOnlyForDeploymentPostprocessing = 0;
		};
		0B16226827CD11B40069AD29 /* Frameworks */ = {
			isa = PBXFrameworksBuildPhase;
			buildActionMask = 2147483647;
			files = (
			);
			runOnlyForDeploymentPostprocessing = 0;
		};
/* End PBXFrameworksBuildPhase section */

/* Begin PBXGroup section */
		0B16224627CD11B20069AD29 = {
			isa = PBXGroup;
			children = (
				0B16225127CD11B20069AD29 /* Galaxy Guide */,
				0B16226327CD11B40069AD29 /* Galaxy GuideTests */,
				0B16226E27CD11B40069AD29 /* Galaxy GuideUITests */,
				0B16225027CD11B20069AD29 /* Products */,
			);
			sourceTree = "<group>";
		};
		0B16225027CD11B20069AD29 /* Products */ = {
			isa = PBXGroup;
			children = (
				0B16224F27CD11B20069AD29 /* Galaxy Guide.app */,
				0B16226027CD11B40069AD29 /* Galaxy GuideTests.xctest */,
				0B16226B27CD11B40069AD29 /* Galaxy GuideUITests.xctest */,
			);
			name = Products;
			sourceTree = "<group>";
		};
		0B16225127CD11B20069AD29 /* Galaxy Guide */ = {
			isa = PBXGroup;
			children = (
				0B16225227CD11B20069AD29 /* Galaxy_GuideApp.swift */,
				0B16225427CD11B20069AD29 /* ContentView.swift */,
				0B16225627CD11B40069AD29 /* Assets.xcassets */,
				0B16225B27CD11B40069AD29 /* Info.plist */,
				0B16225827CD11B40069AD29 /* Preview Content */,
			);
			path = "Galaxy Guide";
			sourceTree = "<group>";
		};
		0B16225827CD11B40069AD29 /* Preview Content */ = {
			isa = PBXGroup;
			children = (
				0B16225927CD11B40069AD29 /* Preview Assets.xcassets */,
			);
			path = "Preview Content";
			sourceTree = "<group>";
		};
		0B16226327CD11B40069AD29 /* Galaxy GuideTests */ = {
			isa = PBXGroup;
			children = (
				0B16226427CD11B40069AD29 /* Galaxy_GuideTests.swift */,
				0B16226627CD11B40069AD29 /* Info.plist */,
			);
			path = "Galaxy GuideTests";
			sourceTree = "<group>";
		};
		0B16226E27CD11B40069AD29 /* Galaxy GuideUITests */ = {
			isa = PBXGroup;
			children = (
				0B16226F27CD11B40069AD29 /* Galaxy_GuideUITests.swift */,
				0B16227127CD11B40069AD29 /* Info.plist */,
			);
			path = "Galaxy GuideUITests";
			sourceTree = "<group>";
		};
/* End PBXGroup section */

/* Begin PBXNativeTarget section */
		0B16224E27CD11B20069AD29 /* Galaxy Guide */ = {
			isa = PBXNativeTarget;
			buildConfigurationList = 0B16227427CD11B40069AD29 /* Build configuration list for PBXNativeTarget "Galaxy Guide" */;
			buildPhases = (
				0B16224B27CD11B20069AD29 /* Sources */,
				0B16224C27CD11B20069AD29 /* Frameworks */,
				0B16224D27CD11B20069AD29 /* Resources */,
			);
			buildRules = (
			);
			dependencies = (
			);
			name = "Galaxy Guide";
			productName = "Galaxy Guide";
			productReference = 0B16224F27CD11B20069AD29 /* Galaxy Guide.app */;
			productType = "com.apple.product-type.application";
		};
		0B16225F27CD11B40069AD29 /* Galaxy GuideTests */ = {
			isa = PBXNativeTarget;
			buildConfigurationList = 0B16227727CD11B40069AD29 /* Build configuration list for PBXNativeTarget "Galaxy GuideTests" */;
			buildPhases = (
				0B16225C27CD11B40069AD29 /* Sources */,
				0B16225D27CD11B40069AD29 /* Frameworks */,
				0B16225E27CD11B40069AD29 /* Resources */,
			);
			buildRules = (
			);
			dependencies = (
				0B16226227CD11B40069AD29 /* PBXTargetDependency */,
			);
			name = "Galaxy GuideTests";
			productName = "Galaxy GuideTests";
			productReference = 0B16226027CD11B40069AD29 /* Galaxy GuideTests.xctest */;
			productType = "com.apple.product-type.bundle.unit-test";
		};
		0B16226A27CD11B40069AD29 /* Galaxy GuideUITests */ = {
			isa = PBXNativeTarget;
			buildConfigurationList = 0B16227A27CD11B40069AD29 /* Build configuration list for PBXNativeTarget "Galaxy GuideUITests" */;
			buildPhases = (
				0B16226727CD11B40069AD29 /* Sources */,
				0B16226827CD11B40069AD29 /* Frameworks */,
				0B16226927CD11B40069AD29 /* Resources */,
			);
			buildRules = (
			);
			dependencies = (
				0B16226D27CD11B40069AD29 /* PBXTargetDependency */,
			);
			name = "Galaxy GuideUITests";
			productName = "Galaxy GuideUITests";
			productReference = 0B16226B27CD11B40069AD29 /* Galaxy GuideUITests.xctest */;
			productType = "com.apple.product-type.bundle.ui-testing";
		};
/* End PBXNativeTarget section */

/* Begin PBXProject section */
		0B16224727CD11B20069AD29 /* Project object */ = {
			isa = PBXProject;
			attributes = {
				LastSwiftUpdateCheck = 1250;
				LastUpgradeCheck = 1250;
				TargetAttributes = {
					0B16224E27CD11B20069AD29 = {
						CreatedOnToolsVersion = 12.5.1;
					};
					0B16225F27CD11B40069AD29 = {
						CreatedOnToolsVersion = 12.5.1;
						TestTargetID = 0B16224E27CD11B20069AD29;
					};
					0B16226A27CD11B40069AD29 = {
						CreatedOnToolsVersion = 12.5.1;
						TestTargetID = 0B16224E27CD11B20069AD29;
					};
				};
			};
			buildConfigurationList = 0B16224A27CD11B20069AD29 /* Build configuration list for PBXProject "Galaxy Guide" */;
			compatibilityVersion = "Xcode 9.3";
			developmentRegion = en;
			hasScannedForEncodings = 0;
			knownRegions = (
				en,
				Base,
			);
			mainGroup = 0B16224627CD11B20069AD29;
			productRefGroup = 0B16225027CD11B20069AD29 /* Products */;
			projectDirPath = "";
			projectRoot = "";
			targets = (
				0B16224E27CD11B20069AD29 /* Galaxy Guide */,
				0B16225F27CD11B40069AD29 /* Galaxy GuideTests */,
				0B16226A27CD11B40069AD29 /* Galaxy GuideUITests */,
			);
		};
/* End PBXProject section */

/* Begin PBXResourcesBuildPhase section */
		0B16224D27CD11B20069AD29 /* Resources */ = {
			isa = PBXResourcesBuildPhase;
			buildActionMask = 2147483647;
			files = (
				0B16225A27CD11B40069AD29 /* Preview Assets.xcassets in Resources */,
				0B16225727CD11B40069AD29 /* Assets.xcassets in Resources */,
			);
			runOnlyForDeploymentPostprocessing = 0;
		};
		0B16225E27CD11B40069AD29 /* Resources */ = {
			isa = PBXResourcesBuildPhase;
			buildActionMask = 2147483647;
			files = (
			);
			runOnlyForDeploymentPostprocessing = 0;
		};
		0B16226927CD11B40069AD29 /* Resources */ = {
			isa = PBXResourcesBuildPhase;
			buildActionMask = 2147483647;
			files = (
			);
			runOnlyForDeploymentPostprocessing = 0;
		};
/* End PBXResourcesBuildPhase section */

/* Begin PBXSourcesBuildPhase section */
		0B16224B27CD11B20069AD29 /* Sources */ = {
			isa = PBXSourcesBuildPhase;
			buildActionMask = 2147483647;
			files = (
				0B16225527CD11B20069AD29 /* ContentView.swift in Sources */,
				0B16225327CD11B20069AD29 /* Galaxy_GuideApp.swift in Sources */,
			);
			runOnlyForDeploymentPostprocessing = 0;
		};
		0B16225C27CD11B40069AD29 /* Sources */ = {
			isa = PBXSourcesBuildPhase;
			buildActionMask = 2147483647;
			files = (
				0B16226527CD11B40069AD29 /* Galaxy_GuideTests.swift in Sources */,
			);
			runOnlyForDeploymentPostprocessing = 0;
		};
		0B16226727CD11B40069AD29 /* Sources */ = {
			isa = PBXSourcesBuildPhase;
			buildActionMask = 2147483647;
			files = (
				0B16227027CD11B40069AD29 /* Galaxy_GuideUITests.swift in Sources */,
			);
			runOnlyForDeploymentPostprocessing = 0;
		};
/* End PBXSourcesBuildPhase section */

/* Begin PBXTargetDependency section */
		0B16226227CD11B40069AD29 /* PBXTargetDependency */ = {
			isa = PBXTargetDependency;
			target = 0B16224E27CD11B20069AD29 /* Galaxy Guide */;
			targetProxy = 0B16226127CD11B40069AD29 /* PBXContainerItemProxy */;
		};
		0B16226D27CD11B40069AD29 /* PBXTargetDependency */ = {
			isa = PBXTargetDependency;
			target = 0B16224E27CD11B20069AD29 /* Galaxy Guide */;
			targetProxy = 0B16226C27CD11B40069AD29 /* PBXContainerItemProxy */;
		};
/* End PBXTargetDependency section */

/* Begin XCBuildConfiguration section */
		0B16227227CD11B40069AD29 /* Debug */ = {
			isa = XCBuildConfiguration;
			buildSettings = {
				ALWAYS_SEARCH_USER_PATHS = NO;
				CLANG_ANALYZER_NONNULL = YES;
				CLANG_ANALYZER_NUMBER_OBJECT_CONVERSION = YES_AGGRESSIVE;
				CLANG_CXX_LANGUAGE_STANDARD = "gnu++14";
				CLANG_CXX_LIBRARY = "libc++";
				CLANG_ENABLE_MODULES = YES;
				CLANG_ENABLE_OBJC_ARC = YES;
				CLANG_ENABLE_OBJC_WEAK = YES;
				CLANG_WARN_BLOCK_CAPTURE_AUTORELEASING = YES;
				CLANG_WARN_BOOL_CONVERSION = YES;
				CLANG_WARN_COMMA = YES;
				CLANG_WARN_CONSTANT_CONVERSION = YES;
				CLANG_WARN_DEPRECATED_OBJC_IMPLEMENTATIONS = YES;
				CLANG_WARN_DIRECT_OBJC_ISA_USAGE = YES_ERROR;
				CLANG_WARN_DOCUMENTATION_COMMENTS = YES;
				CLANG_WARN_EMPTY_BODY = YES;
				CLANG_WARN_ENUM_CONVERSION = YES;
				CLANG_WARN_INFINITE_RECURSION = YES;
				CLANG_WARN_INT_CONVERSION = YES;
				CLANG_WARN_NON_LITERAL_NULL_CONVERSION = YES;
				CLANG_WARN_OBJC_IMPLICIT_RETAIN_SELF = YES;
				CLANG_WARN_OBJC_LITERAL_CONVERSION = YES;
				CLANG_WARN_OBJC_ROOT_CLASS = YES_ERROR;
				CLANG_WARN_QUOTED_INCLUDE_IN_FRAMEWORK_HEADER = YES;
				CLANG_WARN_RANGE_LOOP_ANALYSIS = YES;
				CLANG_WARN_STRICT_PROTOTYPES = YES;
				CLANG_WARN_SUSPICIOUS_MOVE = YES;
				CLANG_WARN_UNGUARDED_AVAILABILITY = YES_AGGRESSIVE;
				CLANG_WARN_UNREACHABLE_CODE = YES;
				CLANG_WARN__DUPLICATE_METHOD_MATCH = YES;
				COPY_PHASE_STRIP = NO;
				DEBUG_INFORMATION_FORMAT = dwarf;
				ENABLE_STRICT_OBJC_MSGSEND = YES;
				ENABLE_TESTABILITY = YES;
				GCC_C_LANGUAGE_STANDARD = gnu11;
				GCC_DYNAMIC_NO_PIC = NO;
				GCC_NO_COMMON_BLOCKS = YES;
				GCC_OPTIMIZATION_LEVEL = 0;
				GCC_PREPROCESSOR_DEFINITIONS = (
					"DEBUG=1",
					"$(inherited)",
				);
				GCC_WARN_64_TO_32_BIT_CONVERSION = YES;
				GCC_WARN_ABOUT_RETURN_TYPE = YES_ERROR;
				GCC_WARN_UNDECLARED_SELECTOR = YES;
				GCC_WARN_UNINITIALIZED_AUTOS = YES_AGGRESSIVE;
				GCC_WARN_UNUSED_FUNCTION = YES;
				GCC_WARN_UNUSED_VARIABLE = YES;
				IPHONEOS_DEPLOYMENT_TARGET = 14.5;
				MTL_ENABLE_DEBUG_INFO = INCLUDE_SOURCE;
				MTL_FAST_MATH = YES;
				ONLY_ACTIVE_ARCH = YES;
				SDKROOT = iphoneos;
				SWIFT_ACTIVE_COMPILATION_CONDITIONS = DEBUG;
				SWIFT_OPTIMIZATION_LEVEL = "-Onone";
			};
			name = Debug;
		};
		0B16227327CD11B40069AD29 /* Release */ = {
			isa = XCBuildConfiguration;
			buildSettings = {
				ALWAYS_SEARCH_USER_PATHS = NO;
				CLANG_ANALYZER_NONNULL = YES;
				CLANG_ANALYZER_NUMBER_OBJECT_CONVERSION = YES_AGGRESSIVE;
				CLANG_CXX_LANGUAGE_STANDARD = "gnu++14";
				CLANG_CXX_LIBRARY = "libc++";
				CLANG_ENABLE_MODULES = YES;
				CLANG_ENABLE_OBJC_ARC = YES;
				CLANG_ENABLE_OBJC_WEAK = YES;
				CLANG_WARN_BLOCK_CAPTURE_AUTORELEASING = YES;
				CLANG_WARN_BOOL_CONVERSION = YES;
				CLANG_WARN_COMMA = YES;
				CLANG_WARN_CONSTANT_CONVERSION = YES;
				CLANG_WARN_DEPRECATED_OBJC_IMPLEMENTATIONS = YES;
				CLANG_WARN_DIRECT_OBJC_ISA_USAGE = YES_ERROR;
				CLANG_WARN_DOCUMENTATION_COMMENTS = YES;
				CLANG_WARN_EMPTY_BODY = YES;
				CLANG_WARN_ENUM_CONVERSION = YES;
				CLANG_WARN_INFINITE_RECURSION = YES;
				CLANG_WARN_INT_CONVERSION = YES;
				CLANG_WARN_NON_LITERAL_NULL_CONVERSION = YES;
				CLANG_WARN_OBJC_IMPLICIT_RETAIN_SELF = YES;
				CLANG_WARN_OBJC_LITERAL_CONVERSION = YES;
				CLANG_WARN_OBJC_ROOT_CLASS = YES_ERROR;
				CLANG_WARN_QUOTED_INCLUDE_IN_FRAMEWORK_HEADER = YES;
				CLANG_WARN_RANGE_LOOP_ANALYSIS = YES;
				CLANG_WARN_STRICT_PROTOTYPES = YES;
				CLANG_WARN_SUSPICIOUS_MOVE = YES;
				CLANG_WARN_UNGUARDED_AVAILABILITY = YES_AGGRESSIVE;
				CLANG_WARN_UNREACHABLE_CODE = YES;
				CLANG_WARN__DUPLICATE_METHOD_MATCH = YES;
				COPY_PHASE_STRIP = NO;
				DEBUG_INFORMATION_FORMAT = "dwarf-with-dsym";
				ENABLE_NS_ASSERTIONS = NO;
				ENABLE_STRICT_OBJC_MSGSEND = YES;
				GCC_C_LANGUAGE_STANDARD = gnu11;
				GCC_NO_COMMON_BLOCKS = YES;
				GCC_WARN_64_TO_32_BIT_CONVERSION = YES;
				GCC_WARN_ABOUT_RETURN_TYPE = YES_ERROR;
				GCC_WARN_UNDECLARED_SELECTOR = YES;
				GCC_WARN_UNINITIALIZED_AUTOS = YES_AGGRESSIVE;
				GCC_WARN_UNUSED_FUNCTION = YES;
				GCC_WARN_UNUSED_VARIABLE = YES;
				IPHONEOS_DEPLOYMENT_TARGET = 14.5;
				MTL_ENABLE_DEBUG_INFO = NO;
				MTL_FAST_MATH = YES;
				SDKROOT = iphoneos;
				SWIFT_COMPILATION_MODE = wholemodule;
				SWIFT_OPTIMIZATION_LEVEL = "-O";
				VALIDATE_PRODUCT = YES;
			};
			name = Release;
		};
		0B16227527CD11B40069AD29 /* Debug */ = {
			isa = XCBuildConfiguration;
			buildSettings = {
				ASSETCATALOG_COMPILER_APPICON_NAME = AppIcon;
				ASSETCATALOG_COMPILER_GLOBAL_ACCENT_COLOR_NAME = AccentColor;
				CODE_SIGN_STYLE = Automatic;
				DEVELOPMENT_ASSET_PATHS = "\"Galaxy Guide/Preview Content\"";
				ENABLE_PREVIEWS = YES;
				INFOPLIST_FILE = "Galaxy Guide/Info.plist";
				IPHONEOS_DEPLOYMENT_TARGET = 14.0;
				LD_RUNPATH_SEARCH_PATHS = (
					"$(inherited)",
					"@executable_path/Frameworks",
				);
				PRODUCT_BUNDLE_IDENTIFIER = "com.allgower.enterprise.Galaxy-Guide";
				PRODUCT_NAME = "$(TARGET_NAME)";
				SWIFT_VERSION = 5.0;
				TARGETED_DEVICE_FAMILY = "1,2";
			};
			name = Debug;
		};
		0B16227627CD11B40069AD29 /* Release */ = {
			isa = XCBuildConfiguration;
			buildSettings = {
				ASSETCATALOG_COMPILER_APPICON_NAME = AppIcon;
				ASSETCATALOG_COMPILER_GLOBAL_ACCENT_COLOR_NAME = AccentColor;
				CODE_SIGN_STYLE = Automatic;
				DEVELOPMENT_ASSET_PATHS = "\"Galaxy Guide/Preview Content\"";
				ENABLE_PREVIEWS = YES;
				INFOPLIST_FILE = "Galaxy Guide/Info.plist";
				IPHONEOS_DEPLOYMENT_TARGET = 14.0;
				LD_RUNPATH_SEARCH_PATHS = (
					"$(inherited)",
					"@executable_path/Frameworks",
				);
				PRODUCT_BUNDLE_IDENTIFIER = "com.allgower.enterprise.Galaxy-Guide";
				PRODUCT_NAME = "$(TARGET_NAME)";
				SWIFT_VERSION = 5.0;
				TARGETED_DEVICE_FAMILY = "1,2";
			};
			name = Release;
		};
		0B16227827CD11B40069AD29 /* Debug */ = {
			isa = XCBuildConfiguration;
			buildSettings = {
				ALWAYS_EMBED_SWIFT_STANDARD_LIBRARIES = YES;
				BUNDLE_LOADER = "$(TEST_HOST)";
				CODE_SIGN_STYLE = Automatic;
				INFOPLIST_FILE = "Galaxy GuideTests/Info.plist";
				IPHONEOS_DEPLOYMENT_TARGET = 14.0;
				LD_RUNPATH_SEARCH_PATHS = (
					"$(inherited)",
					"@executable_path/Frameworks",
					"@loader_path/Frameworks",
				);
				PRODUCT_BUNDLE_IDENTIFIER = "com.allgower.enterprise.Galaxy-GuideTests";
				PRODUCT_NAME = "$(TARGET_NAME)";
				SWIFT_VERSION = 5.0;
				TARGETED_DEVICE_FAMILY = "1,2";
				TEST_HOST = "$(BUILT_PRODUCTS_DIR)/Galaxy Guide.app/Galaxy Guide";
			};
			name = Debug;
		};
		0B16227927CD11B40069AD29 /* Release */ = {
			isa = XCBuildConfiguration;
			buildSettings = {
				ALWAYS_EMBED_SWIFT_STANDARD_LIBRARIES = YES;
				BUNDLE_LOADER = "$(TEST_HOST)";
				CODE_SIGN_STYLE = Automatic;
				INFOPLIST_FILE = "Galaxy GuideTests/Info.plist";
				IPHONEOS_DEPLOYMENT_TARGET = 14.0;
				LD_RUNPATH_SEARCH_PATHS = (
					"$(inherited)",
					"@executable_path/Frameworks",
					"@loader_path/Frameworks",
				);
				PRODUCT_BUNDLE_IDENTIFIER = "com.allgower.enterprise.Galaxy-GuideTests";
				PRODUCT_NAME = "$(TARGET_NAME)";
				SWIFT_VERSION = 5.0;
				TARGETED_DEVICE_FAMILY = "1,2";
				TEST_HOST = "$(BUILT_PRODUCTS_DIR)/Galaxy Guide.app/Galaxy Guide";
			};
			name = Release;
		};
		0B16227B27CD11B40069AD29 /* Debug */ = {
			isa = XCBuildConfiguration;
			buildSettings = {
				ALWAYS_EMBED_SWIFT_STANDARD_LIBRARIES = YES;
				CODE_SIGN_STYLE = Automatic;
				INFOPLIST_FILE = "Galaxy GuideUITests/Info.plist";
				LD_RUNPATH_SEARCH_PATHS = (
					"$(inherited)",
					"@executable_path/Frameworks",
					"@loader_path/Frameworks",
				);
				PRODUCT_BUNDLE_IDENTIFIER = "com.allgower.enterprise.Galaxy-GuideUITests";
				PRODUCT_NAME = "$(TARGET_NAME)";
				SWIFT_VERSION = 5.0;
				TARGETED_DEVICE_FAMILY = "1,2";
				TEST_TARGET_NAME = "Galaxy Guide";
			};
			name = Debug;
		};
		0B16227C27CD11B40069AD29 /* Release */ = {
			isa = XCBuildConfiguration;
			buildSettings = {
				ALWAYS_EMBED_SWIFT_STANDARD_LIBRARIES = YES;
				CODE_SIGN_STYLE = Automatic;
				INFOPLIST_FILE = "Galaxy GuideUITests/Info.plist";
				LD_RUNPATH_SEARCH_PATHS = (
					"$(inherited)",
					"@executable_path/Frameworks",
					"@loader_path/Frameworks",
				);
				PRODUCT_BUNDLE_IDENTIFIER = "com.allgower.enterprise.Galaxy-GuideUITests";
				PRODUCT_NAME = "$(TARGET_NAME)";
				SWIFT_VERSION = 5.0;
				TARGETED_DEVICE_FAMILY = "1,2";
				TEST_TARGET_NAME = "Galaxy Guide";
			};
			name = Release;
		};
/* End XCBuildConfiguration section */

/* Begin XCConfigurationList section */
		0B16224A27CD11B20069AD29 /* Build configuration list for PBXProject "Galaxy Guide" */ = {
			isa = XCConfigurationList;
			buildConfigurations = (
				0B16227227CD11B40069AD29 /* Debug */,
				0B16227327CD11B40069AD29 /* Release */,
			);
			defaultConfigurationIsVisible = 0;
			defaultConfigurationName = Release;
		};
		0B16227427CD11B40069AD29 /* Build configuration list for PBXNativeTarget "Galaxy Guide" */ = {
			isa = XCConfigurationList;
			buildConfigurations = (
				0B16227527CD11B40069AD29 /* Debug */,
				0B16227627CD11B40069AD29 /* Release */,
			);
			defaultConfigurationIsVisible = 0;
			defaultConfigurationName = Release;
		};
		0B16227727CD11B40069AD29 /* Build configuration list for PBXNativeTarget "Galaxy GuideTests" */ = {
			isa = XCConfigurationList;
			buildConfigurations = (
				0B16227827CD11B40069AD29 /* Debug */,
				0B16227927CD11B40069AD29 /* Release */,
			);
			defaultConfigurationIsVisible = 0;
			defaultConfigurationName = Release;
		};
		0B16227A27CD11B40069AD29 /* Build configuration list for PBXNativeTarget "Galaxy GuideUITests" */ = {
			isa = XCConfigurationList;
			buildConfigurations = (
				0B16227B27CD11B40069AD29 /* Debug */,
				0B16227C27CD11B40069AD29 /* Release */,
			);
			defaultConfigurationIsVisible = 0;
			defaultConfigurationName = Release;
		};
/* End XCConfigurationList section */
	};
	rootObject = 0B16224727CD11B20069AD29 /* Project object */;
}
